
Microsoft Visual Studio Solution File, Format Version 12.00
# Visual Studio Version 16
VisualStudioVersion = 16.0.32510.428
MinimumVisualStudioVersion = 10.0.40219.1
Project("{FAE04EC0-301F-11D3-BF4B-00C04F79EFBC}") = "replace", "replace.csproj", "{E207B431-0CAB-49AE-85B2-CBBC0E4D874E}"
EndProject
Global
	GlobalSection(SolutionConfigurationPlatforms) = preSolution
		Debug|Any CPU = Debug|Any CPU
		Release|Any CPU = Release|Any CPU
	EndGlobalSection
	GlobalSection(ProjectConfigurationPlatforms) = postSolution
		{E207B431-0CAB-49AE-85B2-CBBC0E4D874E}.Debug|Any CPU.ActiveCfg = Debug|Any CPU
		{E207B431-0CAB-49AE-85B2-CBBC0E4D874E}.Debug|Any CPU.Build.0 = Debug|Any CPU
		{E207B431-0CAB-49AE-85B2-CBBC0E4D874E}.Release|Any CPU.ActiveCfg = Release|Any CPU
		{E207B431-0CAB-49AE-85B2-CBBC0E4D874E}.Release|Any CPU.Build.0 = Release|Any CPU
	EndGlobalSection
	GlobalSection(SolutionProperties) = preSolution
		HideSolutionNode = FALSE
	EndGlobalSection
	GlobalSection(ExtensibilityGlobals) = postSolution
		SolutionGuid = {3A4B051E-2481-4D3C-89B8-0E90AF232DBB}
	EndGlobalSection
EndGlobal
