
Microsoft Visual Studio Solution File, Format Version 12.00
# Visual Studio Version 16
VisualStudioVersion = 16.0.32228.343
MinimumVisualStudioVersion = 10.0.40219.1
Project("{FAE04EC0-301F-11D3-BF4B-00C04F79EFBC}") = "Image Editor", "Image Editor\Image Editor.csproj", "{E66EBCE5-F3DA-4D3F-81DF-0F9D9A30B2E5}"
EndProject
Global
	GlobalSection(SolutionConfigurationPlatforms) = preSolution
		Debug|Any CPU = Debug|Any CPU
		Release|Any CPU = Release|Any CPU
	EndGlobalSection
	GlobalSection(ProjectConfigurationPlatforms) = postSolution
		{E66EBCE5-F3DA-4D3F-81DF-0F9D9A30B2E5}.Debug|Any CPU.ActiveCfg = Debug|Any CPU
		{E66EBCE5-F3DA-4D3F-81DF-0F9D9A30B2E5}.Debug|Any CPU.Build.0 = Debug|Any CPU
		{E66EBCE5-F3DA-4D3F-81DF-0F9D9A30B2E5}.Release|Any CPU.ActiveCfg = Release|Any CPU
		{E66EBCE5-F3DA-4D3F-81DF-0F9D9A30B2E5}.Release|Any CPU.Build.0 = Release|Any CPU
	EndGlobalSection
	GlobalSection(SolutionProperties) = preSolution
		HideSolutionNode = FALSE
	EndGlobalSection
	GlobalSection(ExtensibilityGlobals) = postSolution
		SolutionGuid = {E856D87A-1D2B-4DC7-BEF4-883EFB7EB81B}
	EndGlobalSection
EndGlobal
